// !$*UTF8*$!
{
	archiveVersion = 1;
	classes = {
	};
	objectVersion = 56;
	objects = {

/* Begin PBXBuildFile section */
		1E4D52442C4A90AA00CCB288 /* FlowerDetectorApp.swift in Sources */ = {isa = PBXBuildFile; fileRef = 1E4D52432C4A90AA00CCB288 /* FlowerDetectorApp.swift */; };
		1E4D52462C4A90AA00CCB288 /* ContentView.swift in Sources */ = {isa = PBXBuildFile; fileRef = 1E4D52452C4A90AA00CCB288 /* ContentView.swift */; };
		1E4D52482C4A90AD00CCB288 /* Assets.xcassets in Resources */ = {isa = PBXBuildFile; fileRef = 1E4D52472C4A90AD00CCB288 /* Assets.xcassets */; };
		1E4D524B2C4A90AD00CCB288 /* Preview Assets.xcassets in Resources */ = {isa = PBXBuildFile; fileRef = 1E4D524A2C4A90AD00CCB288 /* Preview Assets.xcassets */; };
		1E4D52552C4A90AD00CCB288 /* FlowerDetectorTests.swift in Sources */ = {isa = PBXBuildFile; fileRef = 1E4D52542C4A90AD00CCB288 /* FlowerDetectorTests.swift */; };
		1E4D525F2C4A90AD00CCB288 /* FlowerDetectorUITests.swift in Sources */ = {isa = PBXBuildFile; fileRef = 1E4D525E2C4A90AD00CCB288 /* FlowerDetectorUITests.swift */; };
		1E4D52612C4A90AD00CCB288 /* FlowerDetectorUITestsLaunchTests.swift in Sources */ = {isa = PBXBuildFile; fileRef = 1E4D52602C4A90AD00CCB288 /* FlowerDetectorUITestsLaunchTests.swift */; };
/* End PBXBuildFile section */

/* Begin PBXContainerItemProxy section */
		1E4D52512C4A90AD00CCB288 /* PBXContainerItemProxy */ = {
			isa = PBXContainerItemProxy;
			containerPortal = 1E4D52382C4A90AA00CCB288 /* Project object */;
			proxyType = 1;
			remoteGlobalIDString = 1E4D523F2C4A90AA00CCB288;
			remoteInfo = FlowerDetector;
		};
		1E4D525B2C4A90AD00CCB288 /* PBXContainerItemProxy */ = {
			isa = PBXContainerItemProxy;
			containerPortal = 1E4D52382C4A90AA00CCB288 /* Project object */;
			proxyType = 1;
			remoteGlobalIDString = 1E4D523F2C4A90AA00CCB288;
			remoteInfo = FlowerDetector;
		};
/* End PBXContainerItemProxy section */

/* Begin PBXFileReference section */
		1E4D52402C4A90AA00CCB288 /* FlowerDetector.app */ = {isa = PBXFileReference; explicitFileType = wrapper.application; includeInIndex = 0; path = FlowerDetector.app; sourceTree = BUILT_PRODUCTS_DIR; };
		1E4D52432C4A90AA00CCB288 /* FlowerDetectorApp.swift */ = {isa = PBXFileReference; lastKnownFileType = sourcecode.swift; path = FlowerDetectorApp.swift; sourceTree = "<group>"; };
		1E4D52452C4A90AA00CCB288 /* ContentView.swift */ = {isa = PBXFileReference; lastKnownFileType = sourcecode.swift; path = ContentView.swift; sourceTree = "<group>"; };
		1E4D52472C4A90AD00CCB288 /* Assets.xcassets */ = {isa = PBXFileReference; lastKnownFileType = folder.assetcatalog; path = Assets.xcassets; sourceTree = "<group>"; };
		1E4D524A2C4A90AD00CCB288 /* Preview Assets.xcassets */ = {isa = PBXFileReference; lastKnownFileType = folder.assetcatalog; path = "Preview Assets.xcassets"; sourceTree = "<group>"; };
		1E4D52502C4A90AD00CCB288 /* FlowerDetectorTests.xctest */ = {isa = PBXFileReference; explicitFileType = wrapper.cfbundle; includeInIndex = 0; path = FlowerDetectorTests.xctest; sourceTree = BUILT_PRODUCTS_DIR; };
		1E4D52542C4A90AD00CCB288 /* FlowerDetectorTests.swift */ = {isa = PBXFileReference; lastKnownFileType = sourcecode.swift; path = FlowerDetectorTests.swift; sourceTree = "<group>"; };
		1E4D525A2C4A90AD00CCB288 /* FlowerDetectorUITests.xctest */ = {isa = PBXFileReference; explicitFileType = wrapper.cfbundle; includeInIndex = 0; path = FlowerDetectorUITests.xctest; sourceTree = BUILT_PRODUCTS_DIR; };
		1E4D525E2C4A90AD00CCB288 /* FlowerDetectorUITests.swift */ = {isa = PBXFileReference; lastKnownFileType = sourcecode.swift; path = FlowerDetectorUITests.swift; sourceTree = "<group>"; };
		1E4D52602C4A90AD00CCB288 /* FlowerDetectorUITestsLaunchTests.swift */ = {isa = PBXFileReference; lastKnownFileType = sourcecode.swift; path = FlowerDetectorUITestsLaunchTests.swift; sourceTree = "<group>"; };
/* End PBXFileReference section */

/* Begin PBXFrameworksBuildPhase section */
		1E4D523D2C4A90AA00CCB288 /* Frameworks */ = {
			isa = PBXFrameworksBuildPhase;
			buildActionMask = 2147483647;
			files = (
			);
			runOnlyForDeploymentPostprocessing = 0;
		};
		1E4D524D2C4A90AD00CCB288 /* Frameworks */ = {
			isa = PBXFrameworksBuildPhase;
			buildActionMask = 2147483647;
			files = (
			);
			runOnlyForDeploymentPostprocessing = 0;
		};
		1E4D52572C4A90AD00CCB288 /* Frameworks */ = {
			isa = PBXFrameworksBuildPhase;
			buildActionMask = 2147483647;
			files = (
			);
			runOnlyForDeploymentPostprocessing = 0;
		};
/* End PBXFrameworksBuildPhase section */

/* Begin PBXGroup section */
		1E4D52372C4A90AA00CCB288 = {
			isa = PBXGroup;
			children = (
				1E4D52422C4A90AA00CCB288 /* FlowerDetector */,
				1E4D52532C4A90AD00CCB288 /* FlowerDetectorTests */,
				1E4D525D2C4A90AD00CCB288 /* FlowerDetectorUITests */,
				1E4D52412C4A90AA00CCB288 /* Products */,
			);
			sourceTree = "<group>";
		};
		1E4D52412C4A90AA00CCB288 /* Products */ = {
			isa = PBXGroup;
			children = (
				1E4D52402C4A90AA00CCB288 /* FlowerDetector.app */,
				1E4D52502C4A90AD00CCB288 /* FlowerDetectorTests.xctest */,
				1E4D525A2C4A90AD00CCB288 /* FlowerDetectorUITests.xctest */,
			);
			name = Products;
			sourceTree = "<group>";
		};
		1E4D52422C4A90AA00CCB288 /* FlowerDetector */ = {
			isa = PBXGroup;
			children = (
				1E4D52432C4A90AA00CCB288 /* FlowerDetectorApp.swift */,
				1E4D52452C4A90AA00CCB288 /* ContentView.swift */,
				1E4D52472C4A90AD00CCB288 /* Assets.xcassets */,
				1E4D52492C4A90AD00CCB288 /* Preview Content */,
			);
			path = FlowerDetector;
			sourceTree = "<group>";
		};
		1E4D52492C4A90AD00CCB288 /* Preview Content */ = {
			isa = PBXGroup;
			children = (
				1E4D524A2C4A90AD00CCB288 /* Preview Assets.xcassets */,
			);
			path = "Preview Content";
			sourceTree = "<group>";
		};
		1E4D52532C4A90AD00CCB288 /* FlowerDetectorTests */ = {
			isa = PBXGroup;
			children = (
				1E4D52542C4A90AD00CCB288 /* FlowerDetectorTests.swift */,
			);
			path = FlowerDetectorTests;
			sourceTree = "<group>";
		};
		1E4D525D2C4A90AD00CCB288 /* FlowerDetectorUITests */ = {
			isa = PBXGroup;
			children = (
				1E4D525E2C4A90AD00CCB288 /* FlowerDetectorUITests.swift */,
				1E4D52602C4A90AD00CCB288 /* FlowerDetectorUITestsLaunchTests.swift */,
			);
			path = FlowerDetectorUITests;
			sourceTree = "<group>";
		};
/* End PBXGroup section */

/* Begin PBXNativeTarget section */
		1E4D523F2C4A90AA00CCB288 /* FlowerDetector */ = {
			isa = PBXNativeTarget;
			buildConfigurationList = 1E4D52642C4A90AD00CCB288 /* Build configuration list for PBXNativeTarget "FlowerDetector" */;
			buildPhases = (
				1E4D523C2C4A90AA00CCB288 /* Sources */,
				1E4D523D2C4A90AA00CCB288 /* Frameworks */,
				1E4D523E2C4A90AA00CCB288 /* Resources */,
			);
			buildRules = (
			);
			dependencies = (
			);
			name = FlowerDetector;
			productName = FlowerDetector;
			productReference = 1E4D52402C4A90AA00CCB288 /* FlowerDetector.app */;
			productType = "com.apple.product-type.application";
		};
		1E4D524F2C4A90AD00CCB288 /* FlowerDetectorTests */ = {
			isa = PBXNativeTarget;
			buildConfigurationList = 1E4D52672C4A90AD00CCB288 /* Build configuration list for PBXNativeTarget "FlowerDetectorTests" */;
			buildPhases = (
				1E4D524C2C4A90AD00CCB288 /* Sources */,
				1E4D524D2C4A90AD00CCB288 /* Frameworks */,
				1E4D524E2C4A90AD00CCB288 /* Resources */,
			);
			buildRules = (
			);
			dependencies = (
				1E4D52522C4A90AD00CCB288 /* PBXTargetDependency */,
			);
			name = FlowerDetectorTests;
			productName = FlowerDetectorTests;
			productReference = 1E4D52502C4A90AD00CCB288 /* FlowerDetectorTests.xctest */;
			productType = "com.apple.product-type.bundle.unit-test";
		};
		1E4D52592C4A90AD00CCB288 /* FlowerDetectorUITests */ = {
			isa = PBXNativeTarget;
			buildConfigurationList = 1E4D526A2C4A90AD00CCB288 /* Build configuration list for PBXNativeTarget "FlowerDetectorUITests" */;
			buildPhases = (
				1E4D52562C4A90AD00CCB288 /* Sources */,
				1E4D52572C4A90AD00CCB288 /* Frameworks */,
				1E4D52582C4A90AD00CCB288 /* Resources */,
			);
			buildRules = (
			);
			dependencies = (
				1E4D525C2C4A90AD00CCB288 /* PBXTargetDependency */,
			);
			name = FlowerDetectorUITests;
			productName = FlowerDetectorUITests;
			productReference = 1E4D525A2C4A90AD00CCB288 /* FlowerDetectorUITests.xctest */;
			productType = "com.apple.product-type.bundle.ui-testing";
		};
/* End PBXNativeTarget section */

/* Begin PBXProject section */
		1E4D52382C4A90AA00CCB288 /* Project object */ = {
			isa = PBXProject;
			attributes = {
				BuildIndependentTargetsInParallel = 1;
				LastSwiftUpdateCheck = 1540;
				LastUpgradeCheck = 1540;
				TargetAttributes = {
					1E4D523F2C4A90AA00CCB288 = {
						CreatedOnToolsVersion = 15.4;
					};
					1E4D524F2C4A90AD00CCB288 = {
						CreatedOnToolsVersion = 15.4;
						TestTargetID = 1E4D523F2C4A90AA00CCB288;
					};
					1E4D52592C4A90AD00CCB288 = {
						CreatedOnToolsVersion = 15.4;
						TestTargetID = 1E4D523F2C4A90AA00CCB288;
					};
				};
			};
			buildConfigurationList = 1E4D523B2C4A90AA00CCB288 /* Build configuration list for PBXProject "FlowerDetector" */;
			compatibilityVersion = "Xcode 14.0";
			developmentRegion = en;
			hasScannedForEncodings = 0;
			knownRegions = (
				en,
				Base,
			);
			mainGroup = 1E4D52372C4A90AA00CCB288;
			productRefGroup = 1E4D52412C4A90AA00CCB288 /* Products */;
			projectDirPath = "";
			projectRoot = "";
			targets = (
				1E4D523F2C4A90AA00CCB288 /* FlowerDetector */,
				1E4D524F2C4A90AD00CCB288 /* FlowerDetectorTests */,
				1E4D52592C4A90AD00CCB288 /* FlowerDetectorUITests */,
			);
		};
/* End PBXProject section */

/* Begin PBXResourcesBuildPhase section */
		1E4D523E2C4A90AA00CCB288 /* Resources */ = {
			isa = PBXResourcesBuildPhase;
			buildActionMask = 2147483647;
			files = (
				1E4D524B2C4A90AD00CCB288 /* Preview Assets.xcassets in Resources */,
				1E4D52482C4A90AD00CCB288 /* Assets.xcassets in Resources */,
			);
			runOnlyForDeploymentPostprocessing = 0;
		};
		1E4D524E2C4A90AD00CCB288 /* Resources */ = {
			isa = PBXResourcesBuildPhase;
			buildActionMask = 2147483647;
			files = (
			);
			runOnlyForDeploymentPostprocessing = 0;
		};
		1E4D52582C4A90AD00CCB288 /* Resources */ = {
			isa = PBXResourcesBuildPhase;
			buildActionMask = 2147483647;
			files = (
			);
			runOnlyForDeploymentPostprocessing = 0;
		};
/* End PBXResourcesBuildPhase section */

/* Begin PBXSourcesBuildPhase section */
		1E4D523C2C4A90AA00CCB288 /* Sources */ = {
			isa = PBXSourcesBuildPhase;
			buildActionMask = 2147483647;
			files = (
				1E4D52462C4A90AA00CCB288 /* ContentView.swift in Sources */,
				1E4D52442C4A90AA00CCB288 /* FlowerDetectorApp.swift in Sources */,
			);
			runOnlyForDeploymentPostprocessing = 0;
		};
		1E4D524C2C4A90AD00CCB288 /* Sources */ = {
			isa = PBXSourcesBuildPhase;
			buildActionMask = 2147483647;
			files = (
				1E4D52552C4A90AD00CCB288 /* FlowerDetectorTests.swift in Sources */,
			);
			runOnlyForDeploymentPostprocessing = 0;
		};
		1E4D52562C4A90AD00CCB288 /* Sources */ = {
			isa = PBXSourcesBuildPhase;
			buildActionMask = 2147483647;
			files = (
				1E4D525F2C4A90AD00CCB288 /* FlowerDetectorUITests.swift in Sources */,
				1E4D52612C4A90AD00CCB288 /* FlowerDetectorUITestsLaunchTests.swift in Sources */,
			);
			runOnlyForDeploymentPostprocessing = 0;
		};
/* End PBXSourcesBuildPhase section */

/* Begin PBXTargetDependency section */
		1E4D52522C4A90AD00CCB288 /* PBXTargetDependency */ = {
			isa = PBXTargetDependency;
			target = 1E4D523F2C4A90AA00CCB288 /* FlowerDetector */;
			targetProxy = 1E4D52512C4A90AD00CCB288 /* PBXContainerItemProxy */;
		};
		1E4D525C2C4A90AD00CCB288 /* PBXTargetDependency */ = {
			isa = PBXTargetDependency;
			target = 1E4D523F2C4A90AA00CCB288 /* FlowerDetector */;
			targetProxy = 1E4D525B2C4A90AD00CCB288 /* PBXContainerItemProxy */;
		};
/* End PBXTargetDependency section */

/* Begin XCBuildConfiguration section */
		1E4D52622C4A90AD00CCB288 /* Debug */ = {
			isa = XCBuildConfiguration;
			buildSettings = {
				ALWAYS_SEARCH_USER_PATHS = NO;
				ASSETCATALOG_COMPILER_GENERATE_SWIFT_ASSET_SYMBOL_EXTENSIONS = YES;
				CLANG_ANALYZER_NONNULL = YES;
				CLANG_ANALYZER_NUMBER_OBJECT_CONVERSION = YES_AGGRESSIVE;
				CLANG_CXX_LANGUAGE_STANDARD = "gnu++20";
				CLANG_ENABLE_MODULES = YES;
				CLANG_ENABLE_OBJC_ARC = YES;
				CLANG_ENABLE_OBJC_WEAK = YES;
				CLANG_WARN_BLOCK_CAPTURE_AUTORELEASING = YES;
				CLANG_WARN_BOOL_CONVERSION = YES;
				CLANG_WARN_COMMA = YES;
				CLANG_WARN_CONSTANT_CONVERSION = YES;
				CLANG_WARN_DEPRECATED_OBJC_IMPLEMENTATIONS = YES;
				CLANG_WARN_DIRECT_OBJC_ISA_USAGE = YES_ERROR;
				CLANG_WARN_DOCUMENTATION_COMMENTS = YES;
				CLANG_WARN_EMPTY_BODY = YES;
				CLANG_WARN_ENUM_CONVERSION = YES;
				CLANG_WARN_INFINITE_RECURSION = YES;
				CLANG_WARN_INT_CONVERSION = YES;
				CLANG_WARN_NON_LITERAL_NULL_CONVERSION = YES;
				CLANG_WARN_OBJC_IMPLICIT_RETAIN_SELF = YES;
				CLANG_WARN_OBJC_LITERAL_CONVERSION = YES;
				CLANG_WARN_OBJC_ROOT_CLASS = YES_ERROR;
				CLANG_WARN_QUOTED_INCLUDE_IN_FRAMEWORK_HEADER = YES;
				CLANG_WARN_RANGE_LOOP_ANALYSIS = YES;
				CLANG_WARN_STRICT_PROTOTYPES = YES;
				CLANG_WARN_SUSPICIOUS_MOVE = YES;
				CLANG_WARN_UNGUARDED_AVAILABILITY = YES_AGGRESSIVE;
				CLANG_WARN_UNREACHABLE_CODE = YES;
				CLANG_WARN__DUPLICATE_METHOD_MATCH = YES;
				COPY_PHASE_STRIP = NO;
				DEBUG_INFORMATION_FORMAT = dwarf;
				ENABLE_STRICT_OBJC_MSGSEND = YES;
				ENABLE_TESTABILITY = YES;
				ENABLE_USER_SCRIPT_SANDBOXING = YES;
				GCC_C_LANGUAGE_STANDARD = gnu17;
				GCC_DYNAMIC_NO_PIC = NO;
				GCC_NO_COMMON_BLOCKS = YES;
				GCC_OPTIMIZATION_LEVEL = 0;
				GCC_PREPROCESSOR_DEFINITIONS = (
					"DEBUG=1",
					"$(inherited)",
				);
				GCC_WARN_64_TO_32_BIT_CONVERSION = YES;
				GCC_WARN_ABOUT_RETURN_TYPE = YES_ERROR;
				GCC_WARN_UNDECLARED_SELECTOR = YES;
				GCC_WARN_UNINITIALIZED_AUTOS = YES_AGGRESSIVE;
				GCC_WARN_UNUSED_FUNCTION = YES;
				GCC_WARN_UNUSED_VARIABLE = YES;
				IPHONEOS_DEPLOYMENT_TARGET = 17.5;
				LOCALIZATION_PREFERS_STRING_CATALOGS = YES;
				MTL_ENABLE_DEBUG_INFO = INCLUDE_SOURCE;
				MTL_FAST_MATH = YES;
				ONLY_ACTIVE_ARCH = YES;
				SDKROOT = iphoneos;
				SWIFT_ACTIVE_COMPILATION_CONDITIONS = "DEBUG $(inherited)";
				SWIFT_OPTIMIZATION_LEVEL = "-Onone";
			};
			name = Debug;
		};
		1E4D52632C4A90AD00CCB288 /* Release */ = {
			isa = XCBuildConfiguration;
			buildSettings = {
				ALWAYS_SEARCH_USER_PATHS = NO;
				ASSETCATALOG_COMPILER_GENERATE_SWIFT_ASSET_SYMBOL_EXTENSIONS = YES;
				CLANG_ANALYZER_NONNULL = YES;
				CLANG_ANALYZER_NUMBER_OBJECT_CONVERSION = YES_AGGRESSIVE;
				CLANG_CXX_LANGUAGE_STANDARD = "gnu++20";
				CLANG_ENABLE_MODULES = YES;
				CLANG_ENABLE_OBJC_ARC = YES;
				CLANG_ENABLE_OBJC_WEAK = YES;
				CLANG_WARN_BLOCK_CAPTURE_AUTORELEASING = YES;
				CLANG_WARN_BOOL_CONVERSION = YES;
				CLANG_WARN_COMMA = YES;
				CLANG_WARN_CONSTANT_CONVERSION = YES;
				CLANG_WARN_DEPRECATED_OBJC_IMPLEMENTATIONS = YES;
				CLANG_WARN_DIRECT_OBJC_ISA_USAGE = YES_ERROR;
				CLANG_WARN_DOCUMENTATION_COMMENTS = YES;
				CLANG_WARN_EMPTY_BODY = YES;
				CLANG_WARN_ENUM_CONVERSION = YES;
				CLANG_WARN_INFINITE_RECURSION = YES;
				CLANG_WARN_INT_CONVERSION = YES;
				CLANG_WARN_NON_LITERAL_NULL_CONVERSION = YES;
				CLANG_WARN_OBJC_IMPLICIT_RETAIN_SELF = YES;
				CLANG_WARN_OBJC_LITERAL_CONVERSION = YES;
				CLANG_WARN_OBJC_ROOT_CLASS = YES_ERROR;
				CLANG_WARN_QUOTED_INCLUDE_IN_FRAMEWORK_HEADER = YES;
				CLANG_WARN_RANGE_LOOP_ANALYSIS = YES;
				CLANG_WARN_STRICT_PROTOTYPES = YES;
				CLANG_WARN_SUSPICIOUS_MOVE = YES;
				CLANG_WARN_UNGUARDED_AVAILABILITY = YES_AGGRESSIVE;
				CLANG_WARN_UNREACHABLE_CODE = YES;
				CLANG_WARN__DUPLICATE_METHOD_MATCH = YES;
				COPY_PHASE_STRIP = NO;
				DEBUG_INFORMATION_FORMAT = "dwarf-with-dsym";
				ENABLE_NS_ASSERTIONS = NO;
				ENABLE_STRICT_OBJC_MSGSEND = YES;
				ENABLE_USER_SCRIPT_SANDBOXING = YES;
				GCC_C_LANGUAGE_STANDARD = gnu17;
				GCC_NO_COMMON_BLOCKS = YES;
				GCC_WARN_64_TO_32_BIT_CONVERSION = YES;
				GCC_WARN_ABOUT_RETURN_TYPE = YES_ERROR;
				GCC_WARN_UNDECLARED_SELECTOR = YES;
				GCC_WARN_UNINITIALIZED_AUTOS = YES_AGGRESSIVE;
				GCC_WARN_UNUSED_FUNCTION = YES;
				GCC_WARN_UNUSED_VARIABLE = YES;
				IPHONEOS_DEPLOYMENT_TARGET = 17.5;
				LOCALIZATION_PREFERS_STRING_CATALOGS = YES;
				MTL_ENABLE_DEBUG_INFO = NO;
				MTL_FAST_MATH = YES;
				SDKROOT = iphoneos;
				SWIFT_COMPILATION_MODE = wholemodule;
				VALIDATE_PRODUCT = YES;
			};
			name = Release;
		};
		1E4D52652C4A90AD00CCB288 /* Debug */ = {
			isa = XCBuildConfiguration;
			buildSettings = {
				ASSETCATALOG_COMPILER_APPICON_NAME = AppIcon;
				ASSETCATALOG_COMPILER_GLOBAL_ACCENT_COLOR_NAME = AccentColor;
				CODE_SIGN_STYLE = Automatic;
				CURRENT_PROJECT_VERSION = 1;
				DEVELOPMENT_ASSET_PATHS = "\"FlowerDetector/Preview Content\"";
				DEVELOPMENT_TEAM = 3W636NF555;
				ENABLE_PREVIEWS = YES;
				GENERATE_INFOPLIST_FILE = YES;
				INFOPLIST_KEY_UIApplicationSceneManifest_Generation = YES;
				INFOPLIST_KEY_UIApplicationSupportsIndirectInputEvents = YES;
				INFOPLIST_KEY_UILaunchScreen_Generation = YES;
				INFOPLIST_KEY_UISupportedInterfaceOrientations_iPad = "UIInterfaceOrientationPortrait UIInterfaceOrientationPortraitUpsideDown UIInterfaceOrientationLandscapeLeft UIInterfaceOrientationLandscapeRight";
				INFOPLIST_KEY_UISupportedInterfaceOrientations_iPhone = "UIInterfaceOrientationPortrait UIInterfaceOrientationLandscapeLeft UIInterfaceOrientationLandscapeRight";
				LD_RUNPATH_SEARCH_PATHS = (
					"$(inherited)",
					"@executable_path/Frameworks",
				);
				MARKETING_VERSION = 1.0;
				PRODUCT_BUNDLE_IDENTIFIER = JWR.FlowerDetector;
				PRODUCT_NAME = "$(TARGET_NAME)";
				SWIFT_EMIT_LOC_STRINGS = YES;
				SWIFT_VERSION = 5.0;
				TARGETED_DEVICE_FAMILY = "1,2";
			};
			name = Debug;
		};
		1E4D52662C4A90AD00CCB288 /* Release */ = {
			isa = XCBuildConfiguration;
			buildSettings = {
				ASSETCATALOG_COMPILER_APPICON_NAME = AppIcon;
				ASSETCATALOG_COMPILER_GLOBAL_ACCENT_COLOR_NAME = AccentColor;
				CODE_SIGN_STYLE = Automatic;
				CURRENT_PROJECT_VERSION = 1;
				DEVELOPMENT_ASSET_PATHS = "\"FlowerDetector/Preview Content\"";
				DEVELOPMENT_TEAM = 3W636NF555;
				ENABLE_PREVIEWS = YES;
				GENERATE_INFOPLIST_FILE = YES;
				INFOPLIST_KEY_UIApplicationSceneManifest_Generation = YES;
				INFOPLIST_KEY_UIApplicationSupportsIndirectInputEvents = YES;
				INFOPLIST_KEY_UILaunchScreen_Generation = YES;
				INFOPLIST_KEY_UISupportedInterfaceOrientations_iPad = "UIInterfaceOrientationPortrait UIInterfaceOrientationPortraitUpsideDown UIInterfaceOrientationLandscapeLeft UIInterfaceOrientationLandscapeRight";
				INFOPLIST_KEY_UISupportedInterfaceOrientations_iPhone = "UIInterfaceOrientationPortrait UIInterfaceOrientationLandscapeLeft UIInterfaceOrientationLandscapeRight";
				LD_RUNPATH_SEARCH_PATHS = (
					"$(inherited)",
					"@executable_path/Frameworks",
				);
				MARKETING_VERSION = 1.0;
				PRODUCT_BUNDLE_IDENTIFIER = JWR.FlowerDetector;
				PRODUCT_NAME = "$(TARGET_NAME)";
				SWIFT_EMIT_LOC_STRINGS = YES;
				SWIFT_VERSION = 5.0;
				TARGETED_DEVICE_FAMILY = "1,2";
			};
			name = Release;
		};
		1E4D52682C4A90AD00CCB288 /* Debug */ = {
			isa = XCBuildConfiguration;
			buildSettings = {
				ALWAYS_EMBED_SWIFT_STANDARD_LIBRARIES = YES;
				BUNDLE_LOADER = "$(TEST_HOST)";
				CODE_SIGN_STYLE = Automatic;
				CURRENT_PROJECT_VERSION = 1;
				DEVELOPMENT_TEAM = 3W636NF555;
				GENERATE_INFOPLIST_FILE = YES;
				IPHONEOS_DEPLOYMENT_TARGET = 17.5;
				MARKETING_VERSION = 1.0;
				PRODUCT_BUNDLE_IDENTIFIER = JWR.FlowerDetectorTests;
				PRODUCT_NAME = "$(TARGET_NAME)";
				SWIFT_EMIT_LOC_STRINGS = NO;
				SWIFT_VERSION = 5.0;
				TARGETED_DEVICE_FAMILY = "1,2";
				TEST_HOST = "$(BUILT_PRODUCTS_DIR)/FlowerDetector.app/$(BUNDLE_EXECUTABLE_FOLDER_PATH)/FlowerDetector";
			};
			name = Debug;
		};
		1E4D52692C4A90AD00CCB288 /* Release */ = {
			isa = XCBuildConfiguration;
			buildSettings = {
				ALWAYS_EMBED_SWIFT_STANDARD_LIBRARIES = YES;
				BUNDLE_LOADER = "$(TEST_HOST)";
				CODE_SIGN_STYLE = Automatic;
				CURRENT_PROJECT_VERSION = 1;
				DEVELOPMENT_TEAM = 3W636NF555;
				GENERATE_INFOPLIST_FILE = YES;
				IPHONEOS_DEPLOYMENT_TARGET = 17.5;
				MARKETING_VERSION = 1.0;
				PRODUCT_BUNDLE_IDENTIFIER = JWR.FlowerDetectorTests;
				PRODUCT_NAME = "$(TARGET_NAME)";
				SWIFT_EMIT_LOC_STRINGS = NO;
				SWIFT_VERSION = 5.0;
				TARGETED_DEVICE_FAMILY = "1,2";
				TEST_HOST = "$(BUILT_PRODUCTS_DIR)/FlowerDetector.app/$(BUNDLE_EXECUTABLE_FOLDER_PATH)/FlowerDetector";
			};
			name = Release;
		};
		1E4D526B2C4A90AD00CCB288 /* Debug */ = {
			isa = XCBuildConfiguration;
			buildSettings = {
				ALWAYS_EMBED_SWIFT_STANDARD_LIBRARIES = YES;
				CODE_SIGN_STYLE = Automatic;
				CURRENT_PROJECT_VERSION = 1;
				DEVELOPMENT_TEAM = 3W636NF555;
				GENERATE_INFOPLIST_FILE = YES;
				MARKETING_VERSION = 1.0;
				PRODUCT_BUNDLE_IDENTIFIER = JWR.FlowerDetectorUITests;
				PRODUCT_NAME = "$(TARGET_NAME)";
				SWIFT_EMIT_LOC_STRINGS = NO;
				SWIFT_VERSION = 5.0;
				TARGETED_DEVICE_FAMILY = "1,2";
				TEST_TARGET_NAME = FlowerDetector;
			};
			name = Debug;
		};
		1E4D526C2C4A90AD00CCB288 /* Release */ = {
			isa = XCBuildConfiguration;
			buildSettings = {
				ALWAYS_EMBED_SWIFT_STANDARD_LIBRARIES = YES;
				CODE_SIGN_STYLE = Automatic;
				CURRENT_PROJECT_VERSION = 1;
				DEVELOPMENT_TEAM = 3W636NF555;
				GENERATE_INFOPLIST_FILE = YES;
				MARKETING_VERSION = 1.0;
				PRODUCT_BUNDLE_IDENTIFIER = JWR.FlowerDetectorUITests;
				PRODUCT_NAME = "$(TARGET_NAME)";
				SWIFT_EMIT_LOC_STRINGS = NO;
				SWIFT_VERSION = 5.0;
				TARGETED_DEVICE_FAMILY = "1,2";
				TEST_TARGET_NAME = FlowerDetector;
			};
			name = Release;
		};
/* End XCBuildConfiguration section */

/* Begin XCConfigurationList section */
		1E4D523B2C4A90AA00CCB288 /* Build configuration list for PBXProject "FlowerDetector" */ = {
			isa = XCConfigurationList;
			buildConfigurations = (
				1E4D52622C4A90AD00CCB288 /* Debug */,
				1E4D52632C4A90AD00CCB288 /* Release */,
			);
			defaultConfigurationIsVisible = 0;
			defaultConfigurationName = Release;
		};
		1E4D52642C4A90AD00CCB288 /* Build configuration list for PBXNativeTarget "FlowerDetector" */ = {
			isa = XCConfigurationList;
			buildConfigurations = (
				1E4D52652C4A90AD00CCB288 /* Debug */,
				1E4D52662C4A90AD00CCB288 /* Release */,
			);
			defaultConfigurationIsVisible = 0;
			defaultConfigurationName = Release;
		};
		1E4D52672C4A90AD00CCB288 /* Build configuration list for PBXNativeTarget "FlowerDetectorTests" */ = {
			isa = XCConfigurationList;
			buildConfigurations = (
				1E4D52682C4A90AD00CCB288 /* Debug */,
				1E4D52692C4A90AD00CCB288 /* Release */,
			);
			defaultConfigurationIsVisible = 0;
			defaultConfigurationName = Release;
		};
		1E4D526A2C4A90AD00CCB288 /* Build configuration list for PBXNativeTarget "FlowerDetectorUITests" */ = {
			isa = XCConfigurationList;
			buildConfigurations = (
				1E4D526B2C4A90AD00CCB288 /* Debug */,
				1E4D526C2C4A90AD00CCB288 /* Release */,
			);
			defaultConfigurationIsVisible = 0;
			defaultConfigurationName = Release;
		};
/* End XCConfigurationList section */
	};
	rootObject = 1E4D52382C4A90AA00CCB288 /* Project object */;
}
